PODS:
  - Alamofire (4.3.0)
  - CCHexagonFlowLayout (1.0.2)
  - Digits (2.8.0):
    - TwitterCore (= 2.8.0)
  - Fabric (1.6.11)
  - FCAlertView (1.2.9)
  - FontAwesome.swift (1.0.0)
  - SwiftMaskTextfield (0.0.3)
  - TwitterCore (2.8.0):
    - Fabric

DEPENDENCIES:
  - Alamofire (~> 4.3)
  - CCHexagonFlowLayout
  - Digits
  - Fabric
  - FCAlertView
  - FontAwesome.swift
  - SwiftMaskTextfield

SPEC CHECKSUMS:
  Alamofire: 856a113053a7bc9cbe5d6367a555d773fc5cfef7
  CCHexagonFlowLayout: b500d18bfb2381d6b02d2a69686831a3186b62e7
  Digits: 401151fdcc955738142d53b89112960d3c2e3930
  Fabric: 5911403591946b8228ab1c51d98f1d7137e863c6
  FCAlertView: 60a6e16609d1458e16752f1918c2c43644c390ea
  FontAwesome.swift: 2d32a3d62195343c2004b7c9043294ed2948553a
  SwiftMaskTextfield: 22e993bee1f4968bfca8be7654c9046f952631d8
  TwitterCore: e959987be23c767004d29eb7fab8d85d8585a2e5

PODFILE CHECKSUM: 094eaf24382a5c39918e837e7d29aa09642d602e

COCOAPODS: 1.2.0
